// !$*UTF8*$!
{
	archiveVersion = 1;
	classes = {
	};
	objectVersion = 51;
	objects = {

/* Begin PBXBuildFile section */
		77159BDA1E68B0E6002239C4 /* HistoryListViewController.swift in Sources */ = {isa = PBXBuildFile; fileRef = 77159BD91E68B0E6002239C4 /* HistoryListViewController.swift */; };
		7746B14A1E59FA5800030B66 /* MapMarker.swift in Sources */ = {isa = PBXBuildFile; fileRef = 7746B1491E59FA5800030B66 /* MapMarker.swift */; };
		777178141E454AB30027F8E4 /* SettingsViewController.swift in Sources */ = {isa = PBXBuildFile; fileRef = 777178131E454AB30027F8E4 /* SettingsViewController.swift */; };
		777178181E454C0D0027F8E4 /* SelectServiceBodiesViewController.swift in Sources */ = {isa = PBXBuildFile; fileRef = 777178171E454C0D0027F8E4 /* SelectServiceBodiesViewController.swift */; };
		77758E6A1E631EC3009904B8 /* CreateSingleMeetingViewController.swift in Sources */ = {isa = PBXBuildFile; fileRef = 77758E691E631EC3009904B8 /* CreateSingleMeetingViewController.swift */; };
		7784D3DC1E454D0300953CA0 /* ListEditableMeetingsViewController.swift in Sources */ = {isa = PBXBuildFile; fileRef = 7784D3DB1E454D0300953CA0 /* ListEditableMeetingsViewController.swift */; };
		7784D3E01E454D4900953CA0 /* EditorTabBarController.swift in Sources */ = {isa = PBXBuildFile; fileRef = 7784D3DF1E454D4900953CA0 /* EditorTabBarController.swift */; };
		779462241E60C77900EC133D /* DeletedMeetingsViewController.swift in Sources */ = {isa = PBXBuildFile; fileRef = 779462231E60C77900EC133D /* DeletedMeetingsViewController.swift */; };
		779BE3AF1E37D5A600350D11 /* InitialViewController.swift in Sources */ = {isa = PBXBuildFile; fileRef = 779BE3AE1E37D5A600350D11 /* InitialViewController.swift */; };
		779BE3B11E37D5B500350D11 /* MainAppDelegate.swift in Sources */ = {isa = PBXBuildFile; fileRef = 779BE3B01E37D5B500350D11 /* MainAppDelegate.swift */; };
		779BE3BC1E37D5FA00350D11 /* Assets.xcassets in Resources */ = {isa = PBXBuildFile; fileRef = 779BE3B21E37D5FA00350D11 /* Assets.xcassets */; };
		779BE3BD1E37D5FA00350D11 /* Default-568h@2x.png in Resources */ = {isa = PBXBuildFile; fileRef = 779BE3B41E37D5FA00350D11 /* Default-568h@2x.png */; };
		779BE3BE1E37D5FA00350D11 /* LaunchScreen.storyboard in Resources */ = {isa = PBXBuildFile; fileRef = 779BE3B61E37D5FA00350D11 /* LaunchScreen.storyboard */; };
		779BE3BF1E37D5FA00350D11 /* Main.storyboard in Resources */ = {isa = PBXBuildFile; fileRef = 779BE3B81E37D5FA00350D11 /* Main.storyboard */; };
		77B31A7E1E49369D0047F655 /* ThreeStateCheckbox.swift in Sources */ = {isa = PBXBuildFile; fileRef = 77B31A7D1E49369D0047F655 /* ThreeStateCheckbox.swift */; };
		77B50A681E381E31004019B8 /* AppStaticPrefs.swift in Sources */ = {isa = PBXBuildFile; fileRef = 77B50A671E381E31004019B8 /* AppStaticPrefs.swift */; };
		77B7D1221E3AA0A80031FF6B /* Localizable.strings in Resources */ = {isa = PBXBuildFile; fileRef = 77B7D1201E3AA0A80031FF6B /* Localizable.strings */; };
		77D92ED71E4B50CC009F02B2 /* MeetingEditorBaseViewController.swift in Sources */ = {isa = PBXBuildFile; fileRef = 77D92ED61E4B50CC009F02B2 /* MeetingEditorBaseViewController.swift */; };
		77D92EDB1E4B5146009F02B2 /* EditSingleMeetingViewController.swift in Sources */ = {isa = PBXBuildFile; fileRef = 77D92EDA1E4B5146009F02B2 /* EditSingleMeetingViewController.swift */; };
		D44C05EF232EC9DF000D25EE /* BMLTiOSLib.framework in Frameworks */ = {isa = PBXBuildFile; fileRef = D43EB9002311B31E00787D46 /* BMLTiOSLib.framework */; };
		D44C05F0232EC9DF000D25EE /* BMLTiOSLib.framework in Embed Frameworks */ = {isa = PBXBuildFile; fileRef = D43EB9002311B31E00787D46 /* BMLTiOSLib.framework */; settings = {ATTRIBUTES = (CodeSignOnCopy, RemoveHeadersOnCopy, ); }; };
		D44C05F1232EC9FD000D25EE /* KeychainSwift.framework in Frameworks */ = {isa = PBXBuildFile; fileRef = D43EB9122311B31E00787D46 /* KeychainSwift.framework */; };
		D44C05F2232EC9FD000D25EE /* KeychainSwift.framework in Embed Frameworks */ = {isa = PBXBuildFile; fileRef = D43EB9122311B31E00787D46 /* KeychainSwift.framework */; settings = {ATTRIBUTES = (CodeSignOnCopy, RemoveHeadersOnCopy, ); }; };
		D492E55A21D53BFE0085DA47 /* InfoPlist.strings in Resources */ = {isa = PBXBuildFile; fileRef = D492E55421D538EC0085DA47 /* InfoPlist.strings */; };
/* End PBXBuildFile section */

/* Begin PBXContainerItemProxy section */
		D43EB8FF2311B31E00787D46 /* PBXContainerItemProxy */ = {
			isa = PBXContainerItemProxy;
			containerPortal = D43EB8F92311B31D00787D46 /* BMLTiOSLib.xcodeproj */;
			proxyType = 2;
			remoteGlobalIDString = 77DBD7981FDEAEEB008F110F;
			remoteInfo = BMLTiOSLib;
		};
		D43EB9012311B31E00787D46 /* PBXContainerItemProxy */ = {
			isa = PBXContainerItemProxy;
			containerPortal = D43EB8F92311B31D00787D46 /* BMLTiOSLib.xcodeproj */;
			proxyType = 2;
			remoteGlobalIDString = 77DBD7AE1FDEB010008F110F;
			remoteInfo = "BMLTiOSLib Test Harness";
		};
		D43EB9032311B31E00787D46 /* PBXContainerItemProxy */ = {
			isa = PBXContainerItemProxy;
			containerPortal = D43EB8F92311B31D00787D46 /* BMLTiOSLib.xcodeproj */;
			proxyType = 2;
			remoteGlobalIDString = 772570CD1FDF12C400297473;
			remoteInfo = "BMLTiOSLib Test Harness (Direct)";
		};
		D43EB9112311B31E00787D46 /* PBXContainerItemProxy */ = {
			isa = PBXContainerItemProxy;
			containerPortal = D43EB9052311B31E00787D46 /* KeychainSwift.xcodeproj */;
			proxyType = 2;
			remoteGlobalIDString = 7ED6C96C1B1C118F00FE8090;
			remoteInfo = KeychainSwift;
		};
		D43EB9132311B31E00787D46 /* PBXContainerItemProxy */ = {
			isa = PBXContainerItemProxy;
			containerPortal = D43EB9052311B31E00787D46 /* KeychainSwift.xcodeproj */;
			proxyType = 2;
			remoteGlobalIDString = 232B4C7A1BC29950001F2B7A;
			remoteInfo = "KeychainSwift-macOS";
		};
		D43EB9152311B31E00787D46 /* PBXContainerItemProxy */ = {
			isa = PBXContainerItemProxy;
			containerPortal = D43EB9052311B31E00787D46 /* KeychainSwift.xcodeproj */;
			proxyType = 2;
			remoteGlobalIDString = 232B4C8A1BC29984001F2B7A;
			remoteInfo = "KeychainSwift-watchOS";
		};
		D43EB9172311B31E00787D46 /* PBXContainerItemProxy */ = {
			isa = PBXContainerItemProxy;
			containerPortal = D43EB9052311B31E00787D46 /* KeychainSwift.xcodeproj */;
			proxyType = 2;
			remoteGlobalIDString = 23E785601BDA410C00B7564A;
			remoteInfo = "KeychainSwift-tvOS";
		};
		D43EB9192311B31E00787D46 /* PBXContainerItemProxy */ = {
			isa = PBXContainerItemProxy;
			containerPortal = D43EB9052311B31E00787D46 /* KeychainSwift.xcodeproj */;
			proxyType = 2;
			remoteGlobalIDString = 7ED6C9771B1C118F00FE8090;
			remoteInfo = KeychainSwiftTests;
		};
		D43EB91B2311B31E00787D46 /* PBXContainerItemProxy */ = {
			isa = PBXContainerItemProxy;
			containerPortal = D43EB9052311B31E00787D46 /* KeychainSwift.xcodeproj */;
			proxyType = 2;
			remoteGlobalIDString = 7ED6C99D1B1C133500FE8090;
			remoteInfo = Demo;
		};
		D43EB91D2311B31E00787D46 /* PBXContainerItemProxy */ = {
			isa = PBXContainerItemProxy;
			containerPortal = D43EB9052311B31E00787D46 /* KeychainSwift.xcodeproj */;
			proxyType = 2;
			remoteGlobalIDString = 7E3A6B601D3F62C2007C5B1F;
			remoteInfo = "macOS Tests";
		};
		D43EB91F2311B31E00787D46 /* PBXContainerItemProxy */ = {
			isa = PBXContainerItemProxy;
			containerPortal = D43EB9052311B31E00787D46 /* KeychainSwift.xcodeproj */;
			proxyType = 2;
			remoteGlobalIDString = 7E3A6B7B1D3F6779007C5B1F;
			remoteInfo = "macOS Demo";
		};
		D43EB9272311B34200787D46 /* PBXContainerItemProxy */ = {
			isa = PBXContainerItemProxy;
			containerPortal = D43EB8F92311B31D00787D46 /* BMLTiOSLib.xcodeproj */;
			proxyType = 1;
			remoteGlobalIDString = 77DBD7971FDEAEEB008F110F;
			remoteInfo = BMLTiOSLib;
		};
/* End PBXContainerItemProxy section */

/* Begin PBXCopyFilesBuildPhase section */
		D4021D4A22F46E0F0031340C /* Embed Frameworks */ = {
			isa = PBXCopyFilesBuildPhase;
			buildActionMask = 2147483647;
			dstPath = "";
			dstSubfolderSpec = 10;
			files = (
				D44C05F2232EC9FD000D25EE /* KeychainSwift.framework in Embed Frameworks */,
				D44C05F0232EC9DF000D25EE /* BMLTiOSLib.framework in Embed Frameworks */,
			);
			name = "Embed Frameworks";
			runOnlyForDeploymentPostprocessing = 0;
		};
/* End PBXCopyFilesBuildPhase section */

/* Begin PBXFileReference section */
		77159BD91E68B0E6002239C4 /* HistoryListViewController.swift */ = {isa = PBXFileReference; fileEncoding = 4; lastKnownFileType = sourcecode.swift; name = HistoryListViewController.swift; path = "View Controllers/HistoryListViewController.swift"; sourceTree = "<group>"; };
		7733FE642002A257008B6E5F /* sv */ = {isa = PBXFileReference; lastKnownFileType = text.plist.strings; name = sv; path = "Resources and Extras/sv.lproj/Localizable.strings"; sourceTree = "<group>"; };
		7746B1491E59FA5800030B66 /* MapMarker.swift */ = {isa = PBXFileReference; fileEncoding = 4; lastKnownFileType = sourcecode.swift; name = MapMarker.swift; path = "Main App/MapMarker.swift"; sourceTree = "<group>"; };
		777178131E454AB30027F8E4 /* SettingsViewController.swift */ = {isa = PBXFileReference; fileEncoding = 4; lastKnownFileType = sourcecode.swift; name = SettingsViewController.swift; path = "View Controllers/SettingsViewController.swift"; sourceTree = "<group>"; };
		777178171E454C0D0027F8E4 /* SelectServiceBodiesViewController.swift */ = {isa = PBXFileReference; fileEncoding = 4; lastKnownFileType = sourcecode.swift; name = SelectServiceBodiesViewController.swift; path = "View Controllers/SelectServiceBodiesViewController.swift"; sourceTree = "<group>"; };
		77758E691E631EC3009904B8 /* CreateSingleMeetingViewController.swift */ = {isa = PBXFileReference; fileEncoding = 4; lastKnownFileType = sourcecode.swift; name = CreateSingleMeetingViewController.swift; path = "View Controllers/CreateSingleMeetingViewController.swift"; sourceTree = "<group>"; };
		7784D3DB1E454D0300953CA0 /* ListEditableMeetingsViewController.swift */ = {isa = PBXFileReference; fileEncoding = 4; lastKnownFileType = sourcecode.swift; name = ListEditableMeetingsViewController.swift; path = "View Controllers/ListEditableMeetingsViewController.swift"; sourceTree = "<group>"; };
		7784D3DF1E454D4900953CA0 /* EditorTabBarController.swift */ = {isa = PBXFileReference; fileEncoding = 4; lastKnownFileType = sourcecode.swift; name = EditorTabBarController.swift; path = "View Controllers/EditorTabBarController.swift"; sourceTree = "<group>"; };
		7792A0EF2021DCF300DF0F88 /* RichmondVA.gpx */ = {isa = PBXFileReference; lastKnownFileType = text.xml; name = RichmondVA.gpx; path = "spec/GPX Files/RichmondVA.gpx"; sourceTree = SOURCE_ROOT; };
		7792A0F02021DCF300DF0F88 /* BibbianoItaly.gpx */ = {isa = PBXFileReference; lastKnownFileType = text.xml; name = BibbianoItaly.gpx; path = "spec/GPX Files/BibbianoItaly.gpx"; sourceTree = SOURCE_ROOT; };
		7792A0F12021DCF300DF0F88 /* Rome.gpx */ = {isa = PBXFileReference; lastKnownFileType = text.xml; name = Rome.gpx; path = "spec/GPX Files/Rome.gpx"; sourceTree = SOURCE_ROOT; };
		7792A0F22021DCF300DF0F88 /* NorthportNY.gpx */ = {isa = PBXFileReference; lastKnownFileType = text.xml; name = NorthportNY.gpx; path = "spec/GPX Files/NorthportNY.gpx"; sourceTree = SOURCE_ROOT; };
		7792A0F32021DCF300DF0F88 /* Dublin.gpx */ = {isa = PBXFileReference; lastKnownFileType = text.xml; name = Dublin.gpx; path = "spec/GPX Files/Dublin.gpx"; sourceTree = SOURCE_ROOT; };
		7792A0F42021DCF300DF0F88 /* SanDiegoCA.gpx */ = {isa = PBXFileReference; lastKnownFileType = text.xml; name = SanDiegoCA.gpx; path = "spec/GPX Files/SanDiegoCA.gpx"; sourceTree = SOURCE_ROOT; };
		7792A0F52021DCF300DF0F88 /* TampaFL.gpx */ = {isa = PBXFileReference; lastKnownFileType = text.xml; name = TampaFL.gpx; path = "spec/GPX Files/TampaFL.gpx"; sourceTree = SOURCE_ROOT; };
		7792A0F62021DCF300DF0F88 /* HuntingtonNY.gpx */ = {isa = PBXFileReference; lastKnownFileType = text.xml; name = HuntingtonNY.gpx; path = "spec/GPX Files/HuntingtonNY.gpx"; sourceTree = SOURCE_ROOT; };
		779462231E60C77900EC133D /* DeletedMeetingsViewController.swift */ = {isa = PBXFileReference; fileEncoding = 4; lastKnownFileType = sourcecode.swift; name = DeletedMeetingsViewController.swift; path = "View Controllers/DeletedMeetingsViewController.swift"; sourceTree = "<group>"; };
		779BE3AE1E37D5A600350D11 /* InitialViewController.swift */ = {isa = PBXFileReference; fileEncoding = 4; lastKnownFileType = sourcecode.swift; name = InitialViewController.swift; path = "View Controllers/InitialViewController.swift"; sourceTree = "<group>"; };
		779BE3B01E37D5B500350D11 /* MainAppDelegate.swift */ = {isa = PBXFileReference; fileEncoding = 4; lastKnownFileType = sourcecode.swift; name = MainAppDelegate.swift; path = "Main App/MainAppDelegate.swift"; sourceTree = "<group>"; };
		779BE3B21E37D5FA00350D11 /* Assets.xcassets */ = {isa = PBXFileReference; lastKnownFileType = folder.assetcatalog; name = Assets.xcassets; path = "Resources and Extras/Assets.xcassets"; sourceTree = "<group>"; };
		779BE3BB1E37D5FA00350D11 /* NA Meeting List Administrator-Bridging-Header.h */ = {isa = PBXFileReference; fileEncoding = 4; lastKnownFileType = sourcecode.c.h; name = "NA Meeting List Administrator-Bridging-Header.h"; path = "Resources and Extras/NA Meeting List Administrator-Bridging-Header.h"; sourceTree = "<group>"; };
		77A097E4200034E600769CEB /* it */ = {isa = PBXFileReference; lastKnownFileType = text.plist.strings; name = it; path = "Resources and Extras/it.lproj/Localizable.strings"; sourceTree = "<group>"; };
		77B31A7D1E49369D0047F655 /* ThreeStateCheckbox.swift */ = {isa = PBXFileReference; fileEncoding = 4; lastKnownFileType = sourcecode.swift; name = ThreeStateCheckbox.swift; path = "Main App/ThreeStateCheckbox.swift"; sourceTree = "<group>"; };
		77B50A671E381E31004019B8 /* AppStaticPrefs.swift */ = {isa = PBXFileReference; fileEncoding = 4; lastKnownFileType = sourcecode.swift; name = AppStaticPrefs.swift; path = "Main App/AppStaticPrefs.swift"; sourceTree = "<group>"; };
		77B5410E1E42605700A0A880 /* NA Meeting List Administrator.entitlements */ = {isa = PBXFileReference; lastKnownFileType = text.plist.entitlements; name = "NA Meeting List Administrator.entitlements"; path = "Resources and Extras/NA Meeting List Administrator.entitlements"; sourceTree = "<group>"; };
		77D92ED61E4B50CC009F02B2 /* MeetingEditorBaseViewController.swift */ = {isa = PBXFileReference; fileEncoding = 4; lastKnownFileType = sourcecode.swift; name = MeetingEditorBaseViewController.swift; path = "View Controllers/MeetingEditorBaseViewController.swift"; sourceTree = "<group>"; };
		77D92EDA1E4B5146009F02B2 /* EditSingleMeetingViewController.swift */ = {isa = PBXFileReference; fileEncoding = 4; lastKnownFileType = sourcecode.swift; name = EditSingleMeetingViewController.swift; path = "View Controllers/EditSingleMeetingViewController.swift"; sourceTree = "<group>"; };
		77DC3EA61E378B6300BF24B7 /* NA Meeting List Administrator.app */ = {isa = PBXFileReference; explicitFileType = wrapper.application; includeInIndex = 0; path = "NA Meeting List Administrator.app"; sourceTree = BUILT_PRODUCTS_DIR; };
		D4021D5822F46EAE0031340C /* BMLTiOSLib.framework */ = {isa = PBXFileReference; lastKnownFileType = wrapper.framework; name = BMLTiOSLib.framework; path = Carthage/Build/iOS/BMLTiOSLib.framework; sourceTree = "<group>"; };
		D4021D5922F46EAE0031340C /* KeychainSwift.framework */ = {isa = PBXFileReference; lastKnownFileType = wrapper.framework; name = KeychainSwift.framework; path = Carthage/Build/iOS/KeychainSwift.framework; sourceTree = "<group>"; };
		D43EB8F92311B31D00787D46 /* BMLTiOSLib.xcodeproj */ = {isa = PBXFileReference; lastKnownFileType = "wrapper.pb-project"; name = BMLTiOSLib.xcodeproj; path = Carthage/Checkouts/BMLTiOSLib/BMLTiOSLib.xcodeproj; sourceTree = "<group>"; };
		D43EB9052311B31E00787D46 /* KeychainSwift.xcodeproj */ = {isa = PBXFileReference; lastKnownFileType = "wrapper.pb-project"; name = KeychainSwift.xcodeproj; path = "Carthage/Checkouts/keychain-swift/KeychainSwift.xcodeproj"; sourceTree = "<group>"; };
		D469298F22F47D7300FAE9AD /* .swiftlint.yml */ = {isa = PBXFileReference; lastKnownFileType = text; path = .swiftlint.yml; sourceTree = "<group>"; };
		D492E54E21D5332C0085DA47 /* da */ = {isa = PBXFileReference; lastKnownFileType = text.plist.strings; name = da; path = "Resources and Extras/da.lproj/Localizable.strings"; sourceTree = "<group>"; };
		D492E55521D538EE0085DA47 /* it */ = {isa = PBXFileReference; lastKnownFileType = text.plist.strings; name = it; path = it.lproj/InfoPlist.strings; sourceTree = "<group>"; };
		D492E55721D538EF0085DA47 /* da */ = {isa = PBXFileReference; lastKnownFileType = text.plist.strings; name = da; path = da.lproj/InfoPlist.strings; sourceTree = "<group>"; };
		D492E55921D53A4C0085DA47 /* Info.plist */ = {isa = PBXFileReference; lastKnownFileType = text.plist.xml; name = Info.plist; path = "Resources and Extras/Info.plist"; sourceTree = "<group>"; };
		D4AA174A2282180B002A9E07 /* sv */ = {isa = PBXFileReference; lastKnownFileType = text.plist.strings; name = sv; path = sv.lproj/InfoPlist.strings; sourceTree = "<group>"; };
		D4AA174B22821816002A9E07 /* fr */ = {isa = PBXFileReference; lastKnownFileType = text.plist.strings; name = fr; path = fr.lproj/InfoPlist.strings; sourceTree = "<group>"; };
		D4CD6B1923B2CF4D00EA606A /* en */ = {isa = PBXFileReference; lastKnownFileType = text.plist.strings; name = en; path = en.lproj/InfoPlist.strings; sourceTree = "<group>"; };
		D4CD6B2123B2CF4E00EA606A /* en */ = {isa = PBXFileReference; lastKnownFileType = text.plist.strings; name = en; path = "Resources and Extras/en.lproj/Localizable.strings"; sourceTree = "<group>"; };
		D4CD6B2B23B2D13100EA606A /* Base */ = {isa = PBXFileReference; lastKnownFileType = file.storyboard; name = Base; path = Main.storyboard; sourceTree = "<group>"; };
		D4CD6B2C23B2D13100EA606A /* Base */ = {isa = PBXFileReference; lastKnownFileType = file.storyboard; name = Base; path = LaunchScreen.storyboard; sourceTree = "<group>"; };
		D4CD6B2D23B2E39500EA606A /* fr */ = {isa = PBXFileReference; lastKnownFileType = text.plist.strings; name = fr; path = "Resources and Extras/fr.lproj/Localizable.strings"; sourceTree = "<group>"; };
		D4CD6B2E23B2E3A900EA606A /* Base */ = {isa = PBXFileReference; lastKnownFileType = image.png; name = Base; path = "Default-568h@2x.png"; sourceTree = "<group>"; };
/* End PBXFileReference section */

/* Begin PBXFrameworksBuildPhase section */
		77DC3EA31E378B6100BF24B7 /* Frameworks */ = {
			isa = PBXFrameworksBuildPhase;
			buildActionMask = 2147483647;
			files = (
				D44C05F1232EC9FD000D25EE /* KeychainSwift.framework in Frameworks */,
				D44C05EF232EC9DF000D25EE /* BMLTiOSLib.framework in Frameworks */,
			);
			runOnlyForDeploymentPostprocessing = 0;
		};
/* End PBXFrameworksBuildPhase section */

/* Begin PBXGroup section */
		770E5E941E3795E000CBE834 /* Resources */ = {
			isa = PBXGroup;
			children = (
				D492E55421D538EC0085DA47 /* InfoPlist.strings */,
				779BE3B81E37D5FA00350D11 /* Main.storyboard */,
				77B7D1201E3AA0A80031FF6B /* Localizable.strings */,
				779BE3B21E37D5FA00350D11 /* Assets.xcassets */,
				D492E55921D53A4C0085DA47 /* Info.plist */,
				779BE3B61E37D5FA00350D11 /* LaunchScreen.storyboard */,
				779BE3B41E37D5FA00350D11 /* Default-568h@2x.png */,
			);
			name = Resources;
			path = "NA Meeting List Administrator";
			sourceTree = "<group>";
		};
		770E5E951E3795F800CBE834 /* View Controllers */ = {
			isa = PBXGroup;
			children = (
				779BE3AE1E37D5A600350D11 /* InitialViewController.swift */,
				777178171E454C0D0027F8E4 /* SelectServiceBodiesViewController.swift */,
				777178131E454AB30027F8E4 /* SettingsViewController.swift */,
				7784D3DF1E454D4900953CA0 /* EditorTabBarController.swift */,
				7784D3DB1E454D0300953CA0 /* ListEditableMeetingsViewController.swift */,
				77D92ED61E4B50CC009F02B2 /* MeetingEditorBaseViewController.swift */,
				77D92EDA1E4B5146009F02B2 /* EditSingleMeetingViewController.swift */,
				77159BD91E68B0E6002239C4 /* HistoryListViewController.swift */,
				77758E691E631EC3009904B8 /* CreateSingleMeetingViewController.swift */,
				779462231E60C77900EC133D /* DeletedMeetingsViewController.swift */,
			);
			name = "View Controllers";
			path = "NA Meeting List Administrator";
			sourceTree = "<group>";
		};
		77B5410F1E42609E00A0A880 /* Extras */ = {
			isa = PBXGroup;
			children = (
				77CF6B8D1E6CEA0E005F2ECB /* GPX Files */,
				77B5410E1E42605700A0A880 /* NA Meeting List Administrator.entitlements */,
				779BE3BB1E37D5FA00350D11 /* NA Meeting List Administrator-Bridging-Header.h */,
			);
			name = Extras;
			path = "NA Meeting List Administrator";
			sourceTree = "<group>";
		};
		77CF6B8D1E6CEA0E005F2ECB /* GPX Files */ = {
			isa = PBXGroup;
			children = (
				7792A0F02021DCF300DF0F88 /* BibbianoItaly.gpx */,
				7792A0F32021DCF300DF0F88 /* Dublin.gpx */,
				7792A0F62021DCF300DF0F88 /* HuntingtonNY.gpx */,
				7792A0F22021DCF300DF0F88 /* NorthportNY.gpx */,
				7792A0EF2021DCF300DF0F88 /* RichmondVA.gpx */,
				7792A0F12021DCF300DF0F88 /* Rome.gpx */,
				7792A0F42021DCF300DF0F88 /* SanDiegoCA.gpx */,
				7792A0F52021DCF300DF0F88 /* TampaFL.gpx */,
			);
			name = "GPX Files";
			sourceTree = "<group>";
		};
		77DC3E9D1E378B6100BF24B7 = {
			isa = PBXGroup;
			children = (
				D43EB8F92311B31D00787D46 /* BMLTiOSLib.xcodeproj */,
				D43EB9052311B31E00787D46 /* KeychainSwift.xcodeproj */,
				D469298F22F47D7300FAE9AD /* .swiftlint.yml */,
				77DC3EA81E378B6300BF24B7 /* Main App */,
				770E5E951E3795F800CBE834 /* View Controllers */,
				770E5E941E3795E000CBE834 /* Resources */,
				D4021D5122F46E5E0031340C /* Frameworks */,
				77B5410F1E42609E00A0A880 /* Extras */,
				77DC3EA71E378B6300BF24B7 /* Products */,
			);
			sourceTree = "<group>";
		};
		77DC3EA71E378B6300BF24B7 /* Products */ = {
			isa = PBXGroup;
			children = (
				77DC3EA61E378B6300BF24B7 /* NA Meeting List Administrator.app */,
			);
			name = Products;
			sourceTree = "<group>";
		};
		77DC3EA81E378B6300BF24B7 /* Main App */ = {
			isa = PBXGroup;
			children = (
				779BE3B01E37D5B500350D11 /* MainAppDelegate.swift */,
				77B50A671E381E31004019B8 /* AppStaticPrefs.swift */,
				77B31A7D1E49369D0047F655 /* ThreeStateCheckbox.swift */,
				7746B1491E59FA5800030B66 /* MapMarker.swift */,
			);
			name = "Main App";
			path = "NA Meeting List Administrator";
			sourceTree = "<group>";
		};
		D4021D5122F46E5E0031340C /* Frameworks */ = {
			isa = PBXGroup;
			children = (
				D4021D5822F46EAE0031340C /* BMLTiOSLib.framework */,
				D4021D5922F46EAE0031340C /* KeychainSwift.framework */,
			);
			name = Frameworks;
			sourceTree = "<group>";
		};
		D43EB8FA2311B31D00787D46 /* Products */ = {
			isa = PBXGroup;
			children = (
				D43EB9002311B31E00787D46 /* BMLTiOSLib.framework */,
				D43EB9022311B31E00787D46 /* BMLTiOSLib Test Harness.app */,
				D43EB9042311B31E00787D46 /* BMLTiOSLib Test Harness (Direct).app */,
			);
			name = Products;
			sourceTree = "<group>";
		};
		D43EB9062311B31E00787D46 /* Products */ = {
			isa = PBXGroup;
			children = (
				D43EB9122311B31E00787D46 /* KeychainSwift.framework */,
				D43EB9142311B31E00787D46 /* KeychainSwift.framework */,
				D43EB9162311B31E00787D46 /* KeychainSwift.framework */,
				D43EB9182311B31E00787D46 /* KeychainSwift.framework */,
				D43EB91A2311B31E00787D46 /* KeychainSwiftTests.xctest */,
				D43EB91C2311B31E00787D46 /* Keychain Swift.app */,
				D43EB91E2311B31E00787D46 /* macOS Tests.xctest */,
				D43EB9202311B31E00787D46 /* macOS Demo.app */,
			);
			name = Products;
			sourceTree = "<group>";
		};
/* End PBXGroup section */

/* Begin PBXNativeTarget section */
		77DC3EA51E378B6100BF24B7 /* NA Meeting List Administrator */ = {
			isa = PBXNativeTarget;
			buildConfigurationList = 77DC3EB81E378B6300BF24B7 /* Build configuration list for PBXNativeTarget "NA Meeting List Administrator" */;
			buildPhases = (
				77F1C3491FDD78C8006C93F7 /* SwiftLint */,
				77DC3EA21E378B6100BF24B7 /* Sources */,
				77DC3EA31E378B6100BF24B7 /* Frameworks */,
				77DC3EA41E378B6100BF24B7 /* Resources */,
				D4021D4A22F46E0F0031340C /* Embed Frameworks */,
			);
			buildRules = (
			);
			dependencies = (
				D43EB9282311B34200787D46 /* PBXTargetDependency */,
			);
			name = "NA Meeting List Administrator";
			productName = "NA Meeting List Administrator";
			productReference = 77DC3EA61E378B6300BF24B7 /* NA Meeting List Administrator.app */;
			productType = "com.apple.product-type.application";
		};
/* End PBXNativeTarget section */

/* Begin PBXProject section */
		77DC3E9E1E378B6100BF24B7 /* Project object */ = {
			isa = PBXProject;
			attributes = {
				LastSwiftUpdateCheck = 0820;
				LastUpgradeCheck = 0930;
				ORGANIZATIONNAME = MAGSHARE;
				TargetAttributes = {
					77DC3EA51E378B6100BF24B7 = {
						CreatedOnToolsVersion = 8.2.1;
						LastSwiftMigration = 1020;
						ProvisioningStyle = Automatic;
						SystemCapabilities = {
							com.apple.Keychain = {
								enabled = 0;
							};
							com.apple.Maps.iOS = {
								enabled = 0;
							};
						};
					};
				};
			};
			buildConfigurationList = 77DC3EA11E378B6100BF24B7 /* Build configuration list for PBXProject "NA Meeting List Administrator" */;
			compatibilityVersion = "Xcode 10.0";
			developmentRegion = en;
			hasScannedForEncodings = 0;
			knownRegions = (
				en,
				it,
				sv,
				da,
				fr,
				Base,
			);
			mainGroup = 77DC3E9D1E378B6100BF24B7;
			productRefGroup = 77DC3EA71E378B6300BF24B7 /* Products */;
			projectDirPath = "";
			projectReferences = (
				{
					ProductGroup = D43EB8FA2311B31D00787D46 /* Products */;
					ProjectRef = D43EB8F92311B31D00787D46 /* BMLTiOSLib.xcodeproj */;
				},
				{
					ProductGroup = D43EB9062311B31E00787D46 /* Products */;
					ProjectRef = D43EB9052311B31E00787D46 /* KeychainSwift.xcodeproj */;
				},
			);
			projectRoot = "";
			targets = (
				77DC3EA51E378B6100BF24B7 /* NA Meeting List Administrator */,
			);
		};
/* End PBXProject section */

/* Begin PBXReferenceProxy section */
		D43EB9002311B31E00787D46 /* BMLTiOSLib.framework */ = {
			isa = PBXReferenceProxy;
			fileType = wrapper.framework;
			path = BMLTiOSLib.framework;
			remoteRef = D43EB8FF2311B31E00787D46 /* PBXContainerItemProxy */;
			sourceTree = BUILT_PRODUCTS_DIR;
		};
		D43EB9022311B31E00787D46 /* BMLTiOSLib Test Harness.app */ = {
			isa = PBXReferenceProxy;
			fileType = wrapper.application;
			path = "BMLTiOSLib Test Harness.app";
			remoteRef = D43EB9012311B31E00787D46 /* PBXContainerItemProxy */;
			sourceTree = BUILT_PRODUCTS_DIR;
		};
		D43EB9042311B31E00787D46 /* BMLTiOSLib Test Harness (Direct).app */ = {
			isa = PBXReferenceProxy;
			fileType = wrapper.application;
			path = "BMLTiOSLib Test Harness (Direct).app";
			remoteRef = D43EB9032311B31E00787D46 /* PBXContainerItemProxy */;
			sourceTree = BUILT_PRODUCTS_DIR;
		};
		D43EB9122311B31E00787D46 /* KeychainSwift.framework */ = {
			isa = PBXReferenceProxy;
			fileType = wrapper.framework;
			path = KeychainSwift.framework;
			remoteRef = D43EB9112311B31E00787D46 /* PBXContainerItemProxy */;
			sourceTree = BUILT_PRODUCTS_DIR;
		};
		D43EB9142311B31E00787D46 /* KeychainSwift.framework */ = {
			isa = PBXReferenceProxy;
			fileType = wrapper.framework;
			path = KeychainSwift.framework;
			remoteRef = D43EB9132311B31E00787D46 /* PBXContainerItemProxy */;
			sourceTree = BUILT_PRODUCTS_DIR;
		};
		D43EB9162311B31E00787D46 /* KeychainSwift.framework */ = {
			isa = PBXReferenceProxy;
			fileType = wrapper.framework;
			path = KeychainSwift.framework;
			remoteRef = D43EB9152311B31E00787D46 /* PBXContainerItemProxy */;
			sourceTree = BUILT_PRODUCTS_DIR;
		};
		D43EB9182311B31E00787D46 /* KeychainSwift.framework */ = {
			isa = PBXReferenceProxy;
			fileType = wrapper.framework;
			path = KeychainSwift.framework;
			remoteRef = D43EB9172311B31E00787D46 /* PBXContainerItemProxy */;
			sourceTree = BUILT_PRODUCTS_DIR;
		};
		D43EB91A2311B31E00787D46 /* KeychainSwiftTests.xctest */ = {
			isa = PBXReferenceProxy;
			fileType = wrapper.cfbundle;
			path = KeychainSwiftTests.xctest;
			remoteRef = D43EB9192311B31E00787D46 /* PBXContainerItemProxy */;
			sourceTree = BUILT_PRODUCTS_DIR;
		};
		D43EB91C2311B31E00787D46 /* Keychain Swift.app */ = {
			isa = PBXReferenceProxy;
			fileType = wrapper.application;
			path = "Keychain Swift.app";
			remoteRef = D43EB91B2311B31E00787D46 /* PBXContainerItemProxy */;
			sourceTree = BUILT_PRODUCTS_DIR;
		};
		D43EB91E2311B31E00787D46 /* macOS Tests.xctest */ = {
			isa = PBXReferenceProxy;
			fileType = wrapper.cfbundle;
			path = "macOS Tests.xctest";
			remoteRef = D43EB91D2311B31E00787D46 /* PBXContainerItemProxy */;
			sourceTree = BUILT_PRODUCTS_DIR;
		};
		D43EB9202311B31E00787D46 /* macOS Demo.app */ = {
			isa = PBXReferenceProxy;
			fileType = wrapper.application;
			path = "macOS Demo.app";
			remoteRef = D43EB91F2311B31E00787D46 /* PBXContainerItemProxy */;
			sourceTree = BUILT_PRODUCTS_DIR;
		};
/* End PBXReferenceProxy section */

/* Begin PBXResourcesBuildPhase section */
		77DC3EA41E378B6100BF24B7 /* Resources */ = {
			isa = PBXResourcesBuildPhase;
			buildActionMask = 2147483647;
			files = (
				77B7D1221E3AA0A80031FF6B /* Localizable.strings in Resources */,
				D492E55A21D53BFE0085DA47 /* InfoPlist.strings in Resources */,
				779BE3BE1E37D5FA00350D11 /* LaunchScreen.storyboard in Resources */,
				779BE3BC1E37D5FA00350D11 /* Assets.xcassets in Resources */,
				779BE3BD1E37D5FA00350D11 /* Default-568h@2x.png in Resources */,
				779BE3BF1E37D5FA00350D11 /* Main.storyboard in Resources */,
			);
			runOnlyForDeploymentPostprocessing = 0;
		};
/* End PBXResourcesBuildPhase section */

/* Begin PBXShellScriptBuildPhase section */
		77F1C3491FDD78C8006C93F7 /* SwiftLint */ = {
			isa = PBXShellScriptBuildPhase;
			buildActionMask = 2147483647;
			files = (
			);
			inputPaths = (
			);
			name = SwiftLint;
			outputPaths = (
			);
			runOnlyForDeploymentPostprocessing = 0;
			shellPath = /bin/sh;
			shellScript = "if test -f \"${PROJECT_DIR}/Pods/SwiftLint/swiftlint\"; then\n    \"${PROJECT_DIR}/Pods/SwiftLint/swiftlint\"\nfi\n";
		};
/* End PBXShellScriptBuildPhase section */

/* Begin PBXSourcesBuildPhase section */
		77DC3EA21E378B6100BF24B7 /* Sources */ = {
			isa = PBXSourcesBuildPhase;
			buildActionMask = 2147483647;
			files = (
				777178181E454C0D0027F8E4 /* SelectServiceBodiesViewController.swift in Sources */,
				77B50A681E381E31004019B8 /* AppStaticPrefs.swift in Sources */,
				7746B14A1E59FA5800030B66 /* MapMarker.swift in Sources */,
				77B31A7E1E49369D0047F655 /* ThreeStateCheckbox.swift in Sources */,
				7784D3DC1E454D0300953CA0 /* ListEditableMeetingsViewController.swift in Sources */,
				779BE3B11E37D5B500350D11 /* MainAppDelegate.swift in Sources */,
				779462241E60C77900EC133D /* DeletedMeetingsViewController.swift in Sources */,
				777178141E454AB30027F8E4 /* SettingsViewController.swift in Sources */,
				7784D3E01E454D4900953CA0 /* EditorTabBarController.swift in Sources */,
				77758E6A1E631EC3009904B8 /* CreateSingleMeetingViewController.swift in Sources */,
				77159BDA1E68B0E6002239C4 /* HistoryListViewController.swift in Sources */,
				77D92ED71E4B50CC009F02B2 /* MeetingEditorBaseViewController.swift in Sources */,
				77D92EDB1E4B5146009F02B2 /* EditSingleMeetingViewController.swift in Sources */,
				779BE3AF1E37D5A600350D11 /* InitialViewController.swift in Sources */,
			);
			runOnlyForDeploymentPostprocessing = 0;
		};
/* End PBXSourcesBuildPhase section */

/* Begin PBXTargetDependency section */
		D43EB9282311B34200787D46 /* PBXTargetDependency */ = {
			isa = PBXTargetDependency;
			name = BMLTiOSLib;
			targetProxy = D43EB9272311B34200787D46 /* PBXContainerItemProxy */;
		};
/* End PBXTargetDependency section */

/* Begin PBXVariantGroup section */
		779BE3B41E37D5FA00350D11 /* Default-568h@2x.png */ = {
			isa = PBXVariantGroup;
			children = (
				D4CD6B2E23B2E3A900EA606A /* Base */,
			);
			name = "Default-568h@2x.png";
			path = "Resources and Extras/Base.lproj";
			sourceTree = "<group>";
		};
		779BE3B61E37D5FA00350D11 /* LaunchScreen.storyboard */ = {
			isa = PBXVariantGroup;
			children = (
				D4CD6B2C23B2D13100EA606A /* Base */,
			);
			name = LaunchScreen.storyboard;
			path = "Resources and Extras/Base.lproj";
			sourceTree = "<group>";
		};
		779BE3B81E37D5FA00350D11 /* Main.storyboard */ = {
			isa = PBXVariantGroup;
			children = (
				D4CD6B2B23B2D13100EA606A /* Base */,
			);
			name = Main.storyboard;
			path = "Resources and Extras/Base.lproj";
			sourceTree = "<group>";
		};
		77B7D1201E3AA0A80031FF6B /* Localizable.strings */ = {
			isa = PBXVariantGroup;
			children = (
				77A097E4200034E600769CEB /* it */,
				7733FE642002A257008B6E5F /* sv */,
				D492E54E21D5332C0085DA47 /* da */,
				D4CD6B2123B2CF4E00EA606A /* en */,
				D4CD6B2D23B2E39500EA606A /* fr */,
			);
			name = Localizable.strings;
			sourceTree = "<group>";
		};
		D492E55421D538EC0085DA47 /* InfoPlist.strings */ = {
			isa = PBXVariantGroup;
			children = (
				D492E55521D538EE0085DA47 /* it */,
				D492E55721D538EF0085DA47 /* da */,
				D4AA174A2282180B002A9E07 /* sv */,
				D4AA174B22821816002A9E07 /* fr */,
				D4CD6B1923B2CF4D00EA606A /* en */,
			);
			name = InfoPlist.strings;
			path = "Resources and Extras";
			sourceTree = "<group>";
		};
/* End PBXVariantGroup section */

/* Begin XCBuildConfiguration section */
		77DC3EB61E378B6300BF24B7 /* Debug */ = {
			isa = XCBuildConfiguration;
			buildSettings = {
				ALWAYS_SEARCH_USER_PATHS = NO;
				CLANG_ANALYZER_LOCALIZABILITY_NONLOCALIZED = YES;
				CLANG_ANALYZER_NONNULL = YES;
				CLANG_CXX_LANGUAGE_STANDARD = "gnu++0x";
				CLANG_CXX_LIBRARY = "libc++";
				CLANG_ENABLE_MODULES = YES;
				CLANG_ENABLE_OBJC_ARC = YES;
				CLANG_WARN_BLOCK_CAPTURE_AUTORELEASING = YES;
				CLANG_WARN_BOOL_CONVERSION = YES;
				CLANG_WARN_COMMA = YES;
				CLANG_WARN_CONSTANT_CONVERSION = YES;
				CLANG_WARN_DEPRECATED_OBJC_IMPLEMENTATIONS = YES;
				CLANG_WARN_DIRECT_OBJC_ISA_USAGE = YES_ERROR;
				CLANG_WARN_DOCUMENTATION_COMMENTS = YES;
				CLANG_WARN_EMPTY_BODY = YES;
				CLANG_WARN_ENUM_CONVERSION = YES;
				CLANG_WARN_INFINITE_RECURSION = YES;
				CLANG_WARN_INT_CONVERSION = YES;
				CLANG_WARN_NON_LITERAL_NULL_CONVERSION = YES;
				CLANG_WARN_OBJC_IMPLICIT_RETAIN_SELF = YES;
				CLANG_WARN_OBJC_LITERAL_CONVERSION = YES;
				CLANG_WARN_OBJC_MISSING_PROPERTY_SYNTHESIS = YES;
				CLANG_WARN_OBJC_ROOT_CLASS = YES_ERROR;
				CLANG_WARN_RANGE_LOOP_ANALYSIS = YES;
				CLANG_WARN_STRICT_PROTOTYPES = YES;
				CLANG_WARN_SUSPICIOUS_MOVE = YES;
				CLANG_WARN_UNREACHABLE_CODE = YES;
				CLANG_WARN__DUPLICATE_METHOD_MATCH = YES;
				"CODE_SIGN_IDENTITY[sdk=iphoneos*]" = "iPhone Developer";
				COPY_PHASE_STRIP = NO;
				DEBUG_INFORMATION_FORMAT = dwarf;
				ENABLE_STRICT_OBJC_MSGSEND = YES;
				ENABLE_TESTABILITY = YES;
				GCC_C_LANGUAGE_STANDARD = gnu99;
				GCC_DYNAMIC_NO_PIC = NO;
				GCC_NO_COMMON_BLOCKS = YES;
				GCC_OPTIMIZATION_LEVEL = 0;
				GCC_PREPROCESSOR_DEFINITIONS = (
					"DEBUG=1",
					"$(inherited)",
				);
				GCC_TREAT_WARNINGS_AS_ERRORS = YES;
				GCC_WARN_64_TO_32_BIT_CONVERSION = YES;
				GCC_WARN_ABOUT_RETURN_TYPE = YES_ERROR;
				GCC_WARN_SHADOW = YES;
				GCC_WARN_UNDECLARED_SELECTOR = YES;
				GCC_WARN_UNINITIALIZED_AUTOS = YES_AGGRESSIVE;
				GCC_WARN_UNUSED_FUNCTION = YES;
				GCC_WARN_UNUSED_VARIABLE = YES;
				IPHONEOS_DEPLOYMENT_TARGET = 11.0;
				MTL_ENABLE_DEBUG_INFO = YES;
				ONLY_ACTIVE_ARCH = YES;
				SDKROOT = iphoneos;
				SWIFT_ACTIVE_COMPILATION_CONDITIONS = DEBUG;
				SWIFT_OPTIMIZATION_LEVEL = "-Onone";
				SWIFT_TREAT_WARNINGS_AS_ERRORS = YES;
				TARGETED_DEVICE_FAMILY = "1,2";
			};
			name = Debug;
		};
		77DC3EB71E378B6300BF24B7 /* Release */ = {
			isa = XCBuildConfiguration;
			buildSettings = {
				ALWAYS_SEARCH_USER_PATHS = NO;
				CLANG_ANALYZER_LOCALIZABILITY_NONLOCALIZED = YES;
				CLANG_ANALYZER_NONNULL = YES;
				CLANG_CXX_LANGUAGE_STANDARD = "gnu++0x";
				CLANG_CXX_LIBRARY = "libc++";
				CLANG_ENABLE_MODULES = YES;
				CLANG_ENABLE_OBJC_ARC = YES;
				CLANG_WARN_BLOCK_CAPTURE_AUTORELEASING = YES;
				CLANG_WARN_BOOL_CONVERSION = YES;
				CLANG_WARN_COMMA = YES;
				CLANG_WARN_CONSTANT_CONVERSION = YES;
				CLANG_WARN_DEPRECATED_OBJC_IMPLEMENTATIONS = YES;
				CLANG_WARN_DIRECT_OBJC_ISA_USAGE = YES_ERROR;
				CLANG_WARN_DOCUMENTATION_COMMENTS = YES;
				CLANG_WARN_EMPTY_BODY = YES;
				CLANG_WARN_ENUM_CONVERSION = YES;
				CLANG_WARN_INFINITE_RECURSION = YES;
				CLANG_WARN_INT_CONVERSION = YES;
				CLANG_WARN_NON_LITERAL_NULL_CONVERSION = YES;
				CLANG_WARN_OBJC_IMPLICIT_RETAIN_SELF = YES;
				CLANG_WARN_OBJC_LITERAL_CONVERSION = YES;
				CLANG_WARN_OBJC_MISSING_PROPERTY_SYNTHESIS = YES;
				CLANG_WARN_OBJC_ROOT_CLASS = YES_ERROR;
				CLANG_WARN_RANGE_LOOP_ANALYSIS = YES;
				CLANG_WARN_STRICT_PROTOTYPES = YES;
				CLANG_WARN_SUSPICIOUS_MOVE = YES;
				CLANG_WARN_UNREACHABLE_CODE = YES;
				CLANG_WARN__DUPLICATE_METHOD_MATCH = YES;
				"CODE_SIGN_IDENTITY[sdk=iphoneos*]" = "iPhone Developer";
				COPY_PHASE_STRIP = NO;
				DEBUG_INFORMATION_FORMAT = "dwarf-with-dsym";
				ENABLE_NS_ASSERTIONS = NO;
				ENABLE_STRICT_OBJC_MSGSEND = YES;
				GCC_C_LANGUAGE_STANDARD = gnu99;
				GCC_NO_COMMON_BLOCKS = YES;
				GCC_TREAT_WARNINGS_AS_ERRORS = YES;
				GCC_WARN_64_TO_32_BIT_CONVERSION = YES;
				GCC_WARN_ABOUT_RETURN_TYPE = YES_ERROR;
				GCC_WARN_SHADOW = YES;
				GCC_WARN_UNDECLARED_SELECTOR = YES;
				GCC_WARN_UNINITIALIZED_AUTOS = YES_AGGRESSIVE;
				GCC_WARN_UNUSED_FUNCTION = YES;
				GCC_WARN_UNUSED_VARIABLE = YES;
				IPHONEOS_DEPLOYMENT_TARGET = 11.0;
				MTL_ENABLE_DEBUG_INFO = NO;
				SDKROOT = iphoneos;
				SWIFT_COMPILATION_MODE = wholemodule;
				SWIFT_OPTIMIZATION_LEVEL = "-O";
				SWIFT_TREAT_WARNINGS_AS_ERRORS = YES;
				TARGETED_DEVICE_FAMILY = "1,2";
				VALIDATE_PRODUCT = YES;
			};
			name = Release;
		};
		77DC3EB91E378B6300BF24B7 /* Debug */ = {
			isa = XCBuildConfiguration;
			buildSettings = {
				ALWAYS_EMBED_SWIFT_STANDARD_LIBRARIES = YES;
				ASSETCATALOG_COMPILER_APPICON_NAME = AppIcon;
				CODE_SIGN_IDENTITY = "iPhone Developer";
				"CODE_SIGN_IDENTITY[sdk=iphoneos*]" = "iPhone Developer";
				CODE_SIGN_STYLE = Automatic;
				CURRENT_PROJECT_VERSION = 2002;
				DEVELOPMENT_TEAM = P53V4JS928;
				FRAMEWORK_SEARCH_PATHS = (
					"$(inherited)",
					"$(PROJECT_DIR)/Carthage/Build/iOS",
				);
				GCC_TREAT_WARNINGS_AS_ERRORS = YES;
				GCC_WARN_SHADOW = YES;
				INFOPLIST_FILE = "${PROJECT_DIR}/${TARGET_NAME}/Resources and Extras/Info.plist";
				LD_RUNPATH_SEARCH_PATHS = (
					"$(inherited)",
					"@executable_path/Frameworks",
				);
				MARKETING_VERSION = 1.4.2;
				PRODUCT_BUNDLE_IDENTIFIER = "net.magshare.bmlt.NA-Meeting-List-Administrator";
				PRODUCT_NAME = "$(TARGET_NAME)";
				PROVISIONING_PROFILE_SPECIFIER = "";
				SWIFT_INSTALL_OBJC_HEADER = YES;
				SWIFT_OBJC_BRIDGING_HEADER = "${PROJECT_DIR}/${TARGET_NAME}/Resources and Extras/${TARGET_NAME}-Bridging-Header.h";
				SWIFT_TREAT_WARNINGS_AS_ERRORS = YES;
				SWIFT_VERSION = 5.0;
			};
			name = Debug;
		};
		77DC3EBA1E378B6300BF24B7 /* Release */ = {
			isa = XCBuildConfiguration;
			buildSettings = {
				ALWAYS_EMBED_SWIFT_STANDARD_LIBRARIES = YES;
				ASSETCATALOG_COMPILER_APPICON_NAME = AppIcon;
				CODE_SIGN_IDENTITY = "iPhone Distribution";
				"CODE_SIGN_IDENTITY[sdk=iphoneos*]" = "iPhone Developer";
				CODE_SIGN_STYLE = Automatic;
				CURRENT_PROJECT_VERSION = 2002;
				DEVELOPMENT_TEAM = P53V4JS928;
				FRAMEWORK_SEARCH_PATHS = (
					"$(inherited)",
					"$(PROJECT_DIR)/Carthage/Build/iOS",
				);
				GCC_TREAT_WARNINGS_AS_ERRORS = YES;
				GCC_WARN_SHADOW = YES;
				INFOPLIST_FILE = "${PROJECT_DIR}/${TARGET_NAME}/Resources and Extras/Info.plist";
				LD_RUNPATH_SEARCH_PATHS = (
					"$(inherited)",
					"@executable_path/Frameworks",
				);
				MARKETING_VERSION = 1.4.2;
				PRODUCT_BUNDLE_IDENTIFIER = "net.magshare.bmlt.NA-Meeting-List-Administrator";
				PRODUCT_NAME = "$(TARGET_NAME)";
				PROVISIONING_PROFILE_SPECIFIER = "";
				SWIFT_INSTALL_OBJC_HEADER = YES;
				SWIFT_OBJC_BRIDGING_HEADER = "${PROJECT_DIR}/${TARGET_NAME}/Resources and Extras/${TARGET_NAME}-Bridging-Header.h";
				SWIFT_TREAT_WARNINGS_AS_ERRORS = YES;
				SWIFT_VERSION = 5.0;
			};
			name = Release;
		};
/* End XCBuildConfiguration section */

/* Begin XCConfigurationList section */
		77DC3EA11E378B6100BF24B7 /* Build configuration list for PBXProject "NA Meeting List Administrator" */ = {
			isa = XCConfigurationList;
			buildConfigurations = (
				77DC3EB61E378B6300BF24B7 /* Debug */,
				77DC3EB71E378B6300BF24B7 /* Release */,
			);
			defaultConfigurationIsVisible = 0;
			defaultConfigurationName = Release;
		};
		77DC3EB81E378B6300BF24B7 /* Build configuration list for PBXNativeTarget "NA Meeting List Administrator" */ = {
			isa = XCConfigurationList;
			buildConfigurations = (
				77DC3EB91E378B6300BF24B7 /* Debug */,
				77DC3EBA1E378B6300BF24B7 /* Release */,
			);
			defaultConfigurationIsVisible = 0;
			defaultConfigurationName = Release;
		};
/* End XCConfigurationList section */
	};
	rootObject = 77DC3E9E1E378B6100BF24B7 /* Project object */;
}
