// !$*UTF8*$!
{
	archiveVersion = 1;
	classes = {
	};
	objectVersion = 48;
	objects = {

/* Begin PBXBuildFile section */
		77140E901E37D3E1008BBB12 /* FXKeychain.m in Sources */ = {isa = PBXBuildFile; fileRef = 77140E8F1E37D3E1008BBB12 /* FXKeychain.m */; };
		77A099BD1E379DC40066F6A2 /* BMLTiOSLib.framework in Frameworks */ = {isa = PBXBuildFile; fileRef = 77A099B61E379DAB0066F6A2 /* BMLTiOSLib.framework */; };
		77DC3EAA1E378B6300BF24B7 /* MainAppDelegate.swift in Sources */ = {isa = PBXBuildFile; fileRef = 77DC3EA91E378B6300BF24B7 /* MainAppDelegate.swift */; };
		77DC3EAC1E378B6300BF24B7 /* InitialViewController.swift in Sources */ = {isa = PBXBuildFile; fileRef = 77DC3EAB1E378B6300BF24B7 /* InitialViewController.swift */; };
		77DC3EAF1E378B6300BF24B7 /* Main.storyboard in Resources */ = {isa = PBXBuildFile; fileRef = 77DC3EAD1E378B6300BF24B7 /* Main.storyboard */; };
		77DC3EB11E378B6300BF24B7 /* Assets.xcassets in Resources */ = {isa = PBXBuildFile; fileRef = 77DC3EB01E378B6300BF24B7 /* Assets.xcassets */; };
		77DC3EB41E378B6300BF24B7 /* LaunchScreen.storyboard in Resources */ = {isa = PBXBuildFile; fileRef = 77DC3EB21E378B6300BF24B7 /* LaunchScreen.storyboard */; };
/* End PBXBuildFile section */

/* Begin PBXContainerItemProxy section */
		77A099B51E379DAB0066F6A2 /* PBXContainerItemProxy */ = {
			isa = PBXContainerItemProxy;
			containerPortal = 77A099AF1E379DAB0066F6A2 /* BMLTiOSLib.xcodeproj */;
			proxyType = 2;
			remoteGlobalIDString = 77368DDB1DF849350066C78E;
			remoteInfo = BMLTiOSLib;
		};
		77A099B71E379DAB0066F6A2 /* PBXContainerItemProxy */ = {
			isa = PBXContainerItemProxy;
			containerPortal = 77A099AF1E379DAB0066F6A2 /* BMLTiOSLib.xcodeproj */;
			proxyType = 2;
			remoteGlobalIDString = 772929841D9AEE2A008D333E;
			remoteInfo = "BMLTiOSLib Tester";
		};
		77A099B91E379DAB0066F6A2 /* PBXContainerItemProxy */ = {
			isa = PBXContainerItemProxy;
			containerPortal = 77A099AF1E379DAB0066F6A2 /* BMLTiOSLib.xcodeproj */;
			proxyType = 2;
			remoteGlobalIDString = 77368DD11DF846B20066C78E;
			remoteInfo = "BMLTiOSLib  Framework Tester";
		};
		77A099BB1E379DBD0066F6A2 /* PBXContainerItemProxy */ = {
			isa = PBXContainerItemProxy;
			containerPortal = 77A099AF1E379DAB0066F6A2 /* BMLTiOSLib.xcodeproj */;
			proxyType = 1;
			remoteGlobalIDString = 77368DDA1DF849350066C78E;
			remoteInfo = BMLTiOSLib;
		};
/* End PBXContainerItemProxy section */

/* Begin PBXFileReference section */
		770E5E931E37937400CBE834 /* LICENSE.txt */ = {isa = PBXFileReference; lastKnownFileType = text; path = LICENSE.txt; sourceTree = "<group>"; };
		77140E8E1E37D3E1008BBB12 /* FXKeychain.h */ = {isa = PBXFileReference; fileEncoding = 4; lastKnownFileType = sourcecode.c.h; name = FXKeychain.h; path = FXKeychain/FXKeychain/FXKeychain.h; sourceTree = SOURCE_ROOT; };
		77140E8F1E37D3E1008BBB12 /* FXKeychain.m */ = {isa = PBXFileReference; fileEncoding = 4; lastKnownFileType = sourcecode.c.objc; name = FXKeychain.m; path = FXKeychain/FXKeychain/FXKeychain.m; sourceTree = SOURCE_ROOT; };
		779BE3AD1E37D4D800350D11 /* NA Meeting List Administrator-Bridging-Header.h */ = {isa = PBXFileReference; lastKnownFileType = sourcecode.c.h; path = "NA Meeting List Administrator-Bridging-Header.h"; sourceTree = "<group>"; };
		77A099AF1E379DAB0066F6A2 /* BMLTiOSLib.xcodeproj */ = {isa = PBXFileReference; lastKnownFileType = "wrapper.pb-project"; name = BMLTiOSLib.xcodeproj; path = BMLTiOSLib/BMLTiOSLib.xcodeproj; sourceTree = SOURCE_ROOT; };
		77DC3EA61E378B6300BF24B7 /* NA Meeting List Administrator.app */ = {isa = PBXFileReference; explicitFileType = wrapper.application; includeInIndex = 0; path = "NA Meeting List Administrator.app"; sourceTree = BUILT_PRODUCTS_DIR; };
		77DC3EA91E378B6300BF24B7 /* MainAppDelegate.swift */ = {isa = PBXFileReference; lastKnownFileType = sourcecode.swift; path = MainAppDelegate.swift; sourceTree = "<group>"; };
		77DC3EAB1E378B6300BF24B7 /* InitialViewController.swift */ = {isa = PBXFileReference; lastKnownFileType = sourcecode.swift; path = InitialViewController.swift; sourceTree = "<group>"; };
		77DC3EAE1E378B6300BF24B7 /* Base */ = {isa = PBXFileReference; lastKnownFileType = file.storyboard; name = Base; path = Base.lproj/Main.storyboard; sourceTree = "<group>"; };
		77DC3EB01E378B6300BF24B7 /* Assets.xcassets */ = {isa = PBXFileReference; lastKnownFileType = folder.assetcatalog; path = Assets.xcassets; sourceTree = "<group>"; };
		77DC3EB31E378B6300BF24B7 /* Base */ = {isa = PBXFileReference; lastKnownFileType = file.storyboard; name = Base; path = Base.lproj/LaunchScreen.storyboard; sourceTree = "<group>"; };
		77DC3EB51E378B6300BF24B7 /* Info.plist */ = {isa = PBXFileReference; lastKnownFileType = text.plist.xml; path = Info.plist; sourceTree = "<group>"; };
		77DC3EBB1E378C4F00BF24B7 /* README.md */ = {isa = PBXFileReference; lastKnownFileType = net.daringfireball.markdown; path = README.md; sourceTree = "<group>"; };
/* End PBXFileReference section */

/* Begin PBXFrameworksBuildPhase section */
		77DC3EA31E378B6100BF24B7 /* Frameworks */ = {
			isa = PBXFrameworksBuildPhase;
			buildActionMask = 2147483647;
			files = (
				77A099BD1E379DC40066F6A2 /* BMLTiOSLib.framework in Frameworks */,
			);
			runOnlyForDeploymentPostprocessing = 0;
		};
/* End PBXFrameworksBuildPhase section */

/* Begin PBXGroup section */
		770E5E941E3795E000CBE834 /* Resources And Extras */ = {
			isa = PBXGroup;
			children = (
				77DC3EAD1E378B6300BF24B7 /* Main.storyboard */,
				77DC3EB01E378B6300BF24B7 /* Assets.xcassets */,
				77DC3EB21E378B6300BF24B7 /* LaunchScreen.storyboard */,
				77DC3EB51E378B6300BF24B7 /* Info.plist */,
				779BE3AD1E37D4D800350D11 /* NA Meeting List Administrator-Bridging-Header.h */,
				77140E911E37D3E6008BBB12 /* FXKeychain */,
				77A099AF1E379DAB0066F6A2 /* BMLTiOSLib.xcodeproj */,
			);
			name = "Resources And Extras";
			path = "NA Meeting List Administrator";
			sourceTree = "<group>";
		};
		770E5E951E3795F800CBE834 /* View Controllers */ = {
			isa = PBXGroup;
			children = (
				77DC3EAB1E378B6300BF24B7 /* InitialViewController.swift */,
			);
			name = "View Controllers";
			path = "NA Meeting List Administrator";
			sourceTree = "<group>";
		};
		77140E911E37D3E6008BBB12 /* FXKeychain */ = {
			isa = PBXGroup;
			children = (
				77140E8E1E37D3E1008BBB12 /* FXKeychain.h */,
				77140E8F1E37D3E1008BBB12 /* FXKeychain.m */,
			);
			name = FXKeychain;
			sourceTree = "<group>";
		};
		77A099B01E379DAB0066F6A2 /* Products */ = {
			isa = PBXGroup;
			children = (
				77A099B61E379DAB0066F6A2 /* BMLTiOSLib.framework */,
				77A099B81E379DAB0066F6A2 /* BMLTiOSLib Tester.app */,
				77A099BA1E379DAB0066F6A2 /* BMLTiOSLib  Framework Tester.app */,
			);
			name = Products;
			sourceTree = "<group>";
		};
		77DC3E9D1E378B6100BF24B7 = {
			isa = PBXGroup;
			children = (
				77DC3EBB1E378C4F00BF24B7 /* README.md */,
				770E5E931E37937400CBE834 /* LICENSE.txt */,
				77DC3EA81E378B6300BF24B7 /* Main App */,
				770E5E951E3795F800CBE834 /* View Controllers */,
				770E5E941E3795E000CBE834 /* Resources And Extras */,
				77DC3EA71E378B6300BF24B7 /* Products */,
			);
			sourceTree = "<group>";
		};
		77DC3EA71E378B6300BF24B7 /* Products */ = {
			isa = PBXGroup;
			children = (
				77DC3EA61E378B6300BF24B7 /* NA Meeting List Administrator.app */,
			);
			name = Products;
			sourceTree = "<group>";
		};
		77DC3EA81E378B6300BF24B7 /* Main App */ = {
			isa = PBXGroup;
			children = (
				77DC3EA91E378B6300BF24B7 /* MainAppDelegate.swift */,
			);
			name = "Main App";
			path = "NA Meeting List Administrator";
			sourceTree = "<group>";
		};
/* End PBXGroup section */

/* Begin PBXNativeTarget section */
		77DC3EA51E378B6100BF24B7 /* NA Meeting List Administrator */ = {
			isa = PBXNativeTarget;
			buildConfigurationList = 77DC3EB81E378B6300BF24B7 /* Build configuration list for PBXNativeTarget "NA Meeting List Administrator" */;
			buildPhases = (
				77DC3EA21E378B6100BF24B7 /* Sources */,
				77DC3EA31E378B6100BF24B7 /* Frameworks */,
				77DC3EA41E378B6100BF24B7 /* Resources */,
			);
			buildRules = (
			);
			dependencies = (
				77A099BC1E379DBD0066F6A2 /* PBXTargetDependency */,
			);
			name = "NA Meeting List Administrator";
			productName = "NA Meeting List Administrator";
			productReference = 77DC3EA61E378B6300BF24B7 /* NA Meeting List Administrator.app */;
			productType = "com.apple.product-type.application";
		};
/* End PBXNativeTarget section */

/* Begin PBXProject section */
		77DC3E9E1E378B6100BF24B7 /* Project object */ = {
			isa = PBXProject;
			attributes = {
				LastSwiftUpdateCheck = 0820;
				LastUpgradeCheck = 0820;
				ORGANIZATIONNAME = MAGSHARE;
				TargetAttributes = {
					77DC3EA51E378B6100BF24B7 = {
						CreatedOnToolsVersion = 8.2.1;
						DevelopmentTeam = P53V4JS928;
						ProvisioningStyle = Automatic;
					};
				};
			};
			buildConfigurationList = 77DC3EA11E378B6100BF24B7 /* Build configuration list for PBXProject "NA Meeting List Administrator" */;
			compatibilityVersion = "Xcode 8.0";
			developmentRegion = English;
			hasScannedForEncodings = 0;
			knownRegions = (
				en,
				Base,
			);
			mainGroup = 77DC3E9D1E378B6100BF24B7;
			productRefGroup = 77DC3EA71E378B6300BF24B7 /* Products */;
			projectDirPath = "";
			projectReferences = (
				{
					ProductGroup = 77A099B01E379DAB0066F6A2 /* Products */;
					ProjectRef = 77A099AF1E379DAB0066F6A2 /* BMLTiOSLib.xcodeproj */;
				},
			);
			projectRoot = "";
			targets = (
				77DC3EA51E378B6100BF24B7 /* NA Meeting List Administrator */,
			);
		};
/* End PBXProject section */

/* Begin PBXReferenceProxy section */
		77A099B61E379DAB0066F6A2 /* BMLTiOSLib.framework */ = {
			isa = PBXReferenceProxy;
			fileType = wrapper.framework;
			path = BMLTiOSLib.framework;
			remoteRef = 77A099B51E379DAB0066F6A2 /* PBXContainerItemProxy */;
			sourceTree = BUILT_PRODUCTS_DIR;
		};
		77A099B81E379DAB0066F6A2 /* BMLTiOSLib Tester.app */ = {
			isa = PBXReferenceProxy;
			fileType = wrapper.application;
			path = "BMLTiOSLib Tester.app";
			remoteRef = 77A099B71E379DAB0066F6A2 /* PBXContainerItemProxy */;
			sourceTree = BUILT_PRODUCTS_DIR;
		};
		77A099BA1E379DAB0066F6A2 /* BMLTiOSLib  Framework Tester.app */ = {
			isa = PBXReferenceProxy;
			fileType = wrapper.application;
			path = "BMLTiOSLib  Framework Tester.app";
			remoteRef = 77A099B91E379DAB0066F6A2 /* PBXContainerItemProxy */;
			sourceTree = BUILT_PRODUCTS_DIR;
		};
/* End PBXReferenceProxy section */

/* Begin PBXResourcesBuildPhase section */
		77DC3EA41E378B6100BF24B7 /* Resources */ = {
			isa = PBXResourcesBuildPhase;
			buildActionMask = 2147483647;
			files = (
				77DC3EB41E378B6300BF24B7 /* LaunchScreen.storyboard in Resources */,
				77DC3EB11E378B6300BF24B7 /* Assets.xcassets in Resources */,
				77DC3EAF1E378B6300BF24B7 /* Main.storyboard in Resources */,
			);
			runOnlyForDeploymentPostprocessing = 0;
		};
/* End PBXResourcesBuildPhase section */

/* Begin PBXSourcesBuildPhase section */
		77DC3EA21E378B6100BF24B7 /* Sources */ = {
			isa = PBXSourcesBuildPhase;
			buildActionMask = 2147483647;
			files = (
				77DC3EAC1E378B6300BF24B7 /* InitialViewController.swift in Sources */,
				77DC3EAA1E378B6300BF24B7 /* MainAppDelegate.swift in Sources */,
				77140E901E37D3E1008BBB12 /* FXKeychain.m in Sources */,
			);
			runOnlyForDeploymentPostprocessing = 0;
		};
/* End PBXSourcesBuildPhase section */

/* Begin PBXTargetDependency section */
		77A099BC1E379DBD0066F6A2 /* PBXTargetDependency */ = {
			isa = PBXTargetDependency;
			name = BMLTiOSLib;
			targetProxy = 77A099BB1E379DBD0066F6A2 /* PBXContainerItemProxy */;
		};
/* End PBXTargetDependency section */

/* Begin PBXVariantGroup section */
		77DC3EAD1E378B6300BF24B7 /* Main.storyboard */ = {
			isa = PBXVariantGroup;
			children = (
				77DC3EAE1E378B6300BF24B7 /* Base */,
			);
			name = Main.storyboard;
			sourceTree = "<group>";
		};
		77DC3EB21E378B6300BF24B7 /* LaunchScreen.storyboard */ = {
			isa = PBXVariantGroup;
			children = (
				77DC3EB31E378B6300BF24B7 /* Base */,
			);
			name = LaunchScreen.storyboard;
			sourceTree = "<group>";
		};
/* End PBXVariantGroup section */

/* Begin XCBuildConfiguration section */
		77DC3EB61E378B6300BF24B7 /* Debug */ = {
			isa = XCBuildConfiguration;
			buildSettings = {
				ALWAYS_SEARCH_USER_PATHS = NO;
				CLANG_ANALYZER_NONNULL = YES;
				CLANG_CXX_LANGUAGE_STANDARD = "gnu++0x";
				CLANG_CXX_LIBRARY = "libc++";
				CLANG_ENABLE_MODULES = YES;
				CLANG_ENABLE_OBJC_ARC = YES;
				CLANG_WARN_BOOL_CONVERSION = YES;
				CLANG_WARN_CONSTANT_CONVERSION = YES;
				CLANG_WARN_DIRECT_OBJC_ISA_USAGE = YES_ERROR;
				CLANG_WARN_DOCUMENTATION_COMMENTS = YES;
				CLANG_WARN_EMPTY_BODY = YES;
				CLANG_WARN_ENUM_CONVERSION = YES;
				CLANG_WARN_INFINITE_RECURSION = YES;
				CLANG_WARN_INT_CONVERSION = YES;
				CLANG_WARN_OBJC_IMPLICIT_RETAIN_SELF = YES;
				CLANG_WARN_OBJC_MISSING_PROPERTY_SYNTHESIS = YES;
				CLANG_WARN_OBJC_ROOT_CLASS = YES_ERROR;
				CLANG_WARN_SUSPICIOUS_MOVE = YES;
				CLANG_WARN_UNREACHABLE_CODE = YES;
				CLANG_WARN__DUPLICATE_METHOD_MATCH = YES;
				"CODE_SIGN_IDENTITY[sdk=iphoneos*]" = "iPhone Developer";
				COPY_PHASE_STRIP = NO;
				DEBUG_INFORMATION_FORMAT = dwarf;
				ENABLE_STRICT_OBJC_MSGSEND = YES;
				ENABLE_TESTABILITY = YES;
				GCC_C_LANGUAGE_STANDARD = gnu99;
				GCC_DYNAMIC_NO_PIC = NO;
				GCC_NO_COMMON_BLOCKS = YES;
				GCC_OPTIMIZATION_LEVEL = 0;
				GCC_PREPROCESSOR_DEFINITIONS = (
					"DEBUG=1",
					"$(inherited)",
				);
				GCC_TREAT_WARNINGS_AS_ERRORS = YES;
				GCC_WARN_64_TO_32_BIT_CONVERSION = YES;
				GCC_WARN_ABOUT_RETURN_TYPE = YES_ERROR;
				GCC_WARN_SHADOW = YES;
				GCC_WARN_UNDECLARED_SELECTOR = YES;
				GCC_WARN_UNINITIALIZED_AUTOS = YES_AGGRESSIVE;
				GCC_WARN_UNUSED_FUNCTION = YES;
				GCC_WARN_UNUSED_VARIABLE = YES;
				IPHONEOS_DEPLOYMENT_TARGET = 9.0;
				MTL_ENABLE_DEBUG_INFO = YES;
				ONLY_ACTIVE_ARCH = YES;
				SDKROOT = iphoneos;
				SWIFT_ACTIVE_COMPILATION_CONDITIONS = DEBUG;
				SWIFT_OPTIMIZATION_LEVEL = "-Onone";
				SWIFT_TREAT_WARNINGS_AS_ERRORS = YES;
				TARGETED_DEVICE_FAMILY = "1,2";
			};
			name = Debug;
		};
		77DC3EB71E378B6300BF24B7 /* Release */ = {
			isa = XCBuildConfiguration;
			buildSettings = {
				ALWAYS_SEARCH_USER_PATHS = NO;
				CLANG_ANALYZER_NONNULL = YES;
				CLANG_CXX_LANGUAGE_STANDARD = "gnu++0x";
				CLANG_CXX_LIBRARY = "libc++";
				CLANG_ENABLE_MODULES = YES;
				CLANG_ENABLE_OBJC_ARC = YES;
				CLANG_WARN_BOOL_CONVERSION = YES;
				CLANG_WARN_CONSTANT_CONVERSION = YES;
				CLANG_WARN_DIRECT_OBJC_ISA_USAGE = YES_ERROR;
				CLANG_WARN_DOCUMENTATION_COMMENTS = YES;
				CLANG_WARN_EMPTY_BODY = YES;
				CLANG_WARN_ENUM_CONVERSION = YES;
				CLANG_WARN_INFINITE_RECURSION = YES;
				CLANG_WARN_INT_CONVERSION = YES;
				CLANG_WARN_OBJC_IMPLICIT_RETAIN_SELF = YES;
				CLANG_WARN_OBJC_MISSING_PROPERTY_SYNTHESIS = YES;
				CLANG_WARN_OBJC_ROOT_CLASS = YES_ERROR;
				CLANG_WARN_SUSPICIOUS_MOVE = YES;
				CLANG_WARN_UNREACHABLE_CODE = YES;
				CLANG_WARN__DUPLICATE_METHOD_MATCH = YES;
				"CODE_SIGN_IDENTITY[sdk=iphoneos*]" = "iPhone Developer";
				COPY_PHASE_STRIP = NO;
				DEBUG_INFORMATION_FORMAT = "dwarf-with-dsym";
				ENABLE_NS_ASSERTIONS = NO;
				ENABLE_STRICT_OBJC_MSGSEND = YES;
				GCC_C_LANGUAGE_STANDARD = gnu99;
				GCC_NO_COMMON_BLOCKS = YES;
				GCC_TREAT_WARNINGS_AS_ERRORS = YES;
				GCC_WARN_64_TO_32_BIT_CONVERSION = YES;
				GCC_WARN_ABOUT_RETURN_TYPE = YES_ERROR;
				GCC_WARN_SHADOW = YES;
				GCC_WARN_UNDECLARED_SELECTOR = YES;
				GCC_WARN_UNINITIALIZED_AUTOS = YES_AGGRESSIVE;
				GCC_WARN_UNUSED_FUNCTION = YES;
				GCC_WARN_UNUSED_VARIABLE = YES;
				IPHONEOS_DEPLOYMENT_TARGET = 9.0;
				MTL_ENABLE_DEBUG_INFO = NO;
				SDKROOT = iphoneos;
				SWIFT_OPTIMIZATION_LEVEL = "-Owholemodule";
				SWIFT_TREAT_WARNINGS_AS_ERRORS = YES;
				TARGETED_DEVICE_FAMILY = "1,2";
				VALIDATE_PRODUCT = YES;
			};
			name = Release;
		};
		77DC3EB91E378B6300BF24B7 /* Debug */ = {
			isa = XCBuildConfiguration;
			buildSettings = {
				ASSETCATALOG_COMPILER_APPICON_NAME = AppIcon;
				DEVELOPMENT_TEAM = P53V4JS928;
				GCC_TREAT_WARNINGS_AS_ERRORS = YES;
				GCC_WARN_SHADOW = YES;
				INFOPLIST_FILE = "NA Meeting List Administrator/Info.plist";
				LD_RUNPATH_SEARCH_PATHS = "$(inherited) @executable_path/Frameworks";
				PRODUCT_BUNDLE_IDENTIFIER = "net.magshare.bmlt.NA-Meeting-List-Administrator";
				PRODUCT_NAME = "$(TARGET_NAME)";
				SWIFT_INSTALL_OBJC_HEADER = YES;
				SWIFT_OBJC_BRIDGING_HEADER = "${PROJECT_DIR}/${TARGET_NAME}/${TARGET_NAME}-Bridging-Header.h";
				SWIFT_TREAT_WARNINGS_AS_ERRORS = YES;
				SWIFT_VERSION = 3.0;
			};
			name = Debug;
		};
		77DC3EBA1E378B6300BF24B7 /* Release */ = {
			isa = XCBuildConfiguration;
			buildSettings = {
				ASSETCATALOG_COMPILER_APPICON_NAME = AppIcon;
				DEVELOPMENT_TEAM = P53V4JS928;
				GCC_TREAT_WARNINGS_AS_ERRORS = YES;
				GCC_WARN_SHADOW = YES;
				INFOPLIST_FILE = "NA Meeting List Administrator/Info.plist";
				LD_RUNPATH_SEARCH_PATHS = "$(inherited) @executable_path/Frameworks";
				PRODUCT_BUNDLE_IDENTIFIER = "net.magshare.bmlt.NA-Meeting-List-Administrator";
				PRODUCT_NAME = "$(TARGET_NAME)";
				SWIFT_INSTALL_OBJC_HEADER = YES;
				SWIFT_OBJC_BRIDGING_HEADER = "${PROJECT_DIR}/${TARGET_NAME}/${TARGET_NAME}-Bridging-Header.h";
				SWIFT_TREAT_WARNINGS_AS_ERRORS = YES;
				SWIFT_VERSION = 3.0;
			};
			name = Release;
		};
/* End XCBuildConfiguration section */

/* Begin XCConfigurationList section */
		77DC3EA11E378B6100BF24B7 /* Build configuration list for PBXProject "NA Meeting List Administrator" */ = {
			isa = XCConfigurationList;
			buildConfigurations = (
				77DC3EB61E378B6300BF24B7 /* Debug */,
				77DC3EB71E378B6300BF24B7 /* Release */,
			);
			defaultConfigurationIsVisible = 0;
			defaultConfigurationName = Release;
		};
		77DC3EB81E378B6300BF24B7 /* Build configuration list for PBXNativeTarget "NA Meeting List Administrator" */ = {
			isa = XCConfigurationList;
			buildConfigurations = (
				77DC3EB91E378B6300BF24B7 /* Debug */,
				77DC3EBA1E378B6300BF24B7 /* Release */,
			);
			defaultConfigurationIsVisible = 0;
			defaultConfigurationName = Release;
		};
/* End XCConfigurationList section */
	};
	rootObject = 77DC3E9E1E378B6100BF24B7 /* Project object */;
}
